
Microsoft Visual Studio Solution File, Format Version 12.00
# Visual Studio Version 16
VisualStudioVersion = 16.0.31729.503
MinimumVisualStudioVersion = 10.0.40219.1
Project("{9A19103F-16F7-4668-BE54-9A1E7A4F7556}") = "RecipeBookApi", "RecipeBookApi\RecipeBookApi.csproj", "{DE328D57-B6D3-4B26-84BA-DB674D41DB4E}"
EndProject
Project("{FAE04EC0-301F-11D3-BF4B-00C04F79EFBC}") = "SimpleAppForDocker", "SimpleAppForDocker\SimpleAppForDocker.csproj", "{F8195C2C-9BFC-483B-A24D-4AC527F37CEE}"
EndProject
Project("{E53339B2-1760-4266-BCC7-CA923CBCF16C}") = "docker-compose", "docker-compose.dcproj", "{FA831B37-FED4-4790-93F1-72794483A6E1}"
EndProject
Global
	GlobalSection(SolutionConfigurationPlatforms) = preSolution
		Debug|Any CPU = Debug|Any CPU
		Release|Any CPU = Release|Any CPU
	EndGlobalSection
	GlobalSection(ProjectConfigurationPlatforms) = postSolution
		{DE328D57-B6D3-4B26-84BA-DB674D41DB4E}.Debug|Any CPU.ActiveCfg = Debug|Any CPU
		{DE328D57-B6D3-4B26-84BA-DB674D41DB4E}.Debug|Any CPU.Build.0 = Debug|Any CPU
		{DE328D57-B6D3-4B26-84BA-DB674D41DB4E}.Release|Any CPU.ActiveCfg = Release|Any CPU
		{DE328D57-B6D3-4B26-84BA-DB674D41DB4E}.Release|Any CPU.Build.0 = Release|Any CPU
		{F8195C2C-9BFC-483B-A24D-4AC527F37CEE}.Debug|Any CPU.ActiveCfg = Debug|Any CPU
		{F8195C2C-9BFC-483B-A24D-4AC527F37CEE}.Debug|Any CPU.Build.0 = Debug|Any CPU
		{F8195C2C-9BFC-483B-A24D-4AC527F37CEE}.Release|Any CPU.ActiveCfg = Release|Any CPU
		{F8195C2C-9BFC-483B-A24D-4AC527F37CEE}.Release|Any CPU.Build.0 = Release|Any CPU
		{FA831B37-FED4-4790-93F1-72794483A6E1}.Debug|Any CPU.ActiveCfg = Debug|Any CPU
		{FA831B37-FED4-4790-93F1-72794483A6E1}.Debug|Any CPU.Build.0 = Debug|Any CPU
		{FA831B37-FED4-4790-93F1-72794483A6E1}.Release|Any CPU.ActiveCfg = Release|Any CPU
		{FA831B37-FED4-4790-93F1-72794483A6E1}.Release|Any CPU.Build.0 = Release|Any CPU
	EndGlobalSection
	GlobalSection(SolutionProperties) = preSolution
		HideSolutionNode = FALSE
	EndGlobalSection
	GlobalSection(ExtensibilityGlobals) = postSolution
		SolutionGuid = {C676F6C2-77F6-4989-AF06-FABF679EA7BA}
	EndGlobalSection
EndGlobal
